
Microsoft Visual Studio Solution File, Format Version 12.00
# Visual Studio Version 16
VisualStudioVersion = 16.0.30523.141
MinimumVisualStudioVersion = 10.0.40219.1
Project("{FAE04EC0-301F-11D3-BF4B-00C04F79EFBC}") = "DBEmployerManager", "DBEmployerManager\DBEmployerManager.csproj", "{CE155E8A-BDCF-44E1-9C12-DCDB93714820}"
EndProject
Global
	GlobalSection(SolutionConfigurationPlatforms) = preSolution
		Debug|Any CPU = Debug|Any CPU
		Release|Any CPU = Release|Any CPU
	EndGlobalSection
	GlobalSection(ProjectConfigurationPlatforms) = postSolution
		{CE155E8A-BDCF-44E1-9C12-DCDB93714820}.Debug|Any CPU.ActiveCfg = Debug|Any CPU
		{CE155E8A-BDCF-44E1-9C12-DCDB93714820}.Debug|Any CPU.Build.0 = Debug|Any CPU
		{CE155E8A-BDCF-44E1-9C12-DCDB93714820}.Release|Any CPU.ActiveCfg = Release|Any CPU
		{CE155E8A-BDCF-44E1-9C12-DCDB93714820}.Release|Any CPU.Build.0 = Release|Any CPU
	EndGlobalSection
	GlobalSection(SolutionProperties) = preSolution
		HideSolutionNode = FALSE
	EndGlobalSection
	GlobalSection(ExtensibilityGlobals) = postSolution
		SolutionGuid = {62C4F22C-5714-4DA8-AB18-707A2F3D332B}
	EndGlobalSection
EndGlobal
